
Microsoft Visual Studio Solution File, Format Version 12.00
# Visual Studio 15
VisualStudioVersion = 15.0.28307.168
MinimumVisualStudioVersion = 10.0.40219.1
Project("{9A19103F-16F7-4668-BE54-9A1E7A4F7556}") = "CogSearchWebApiSkills", "CogSearchWebApiSkills\CogSearchWebApiSkills.csproj", "{EF16DB0F-CD9F-4ED3-BC37-4FB0431F6994}"
EndProject
Project("{9A19103F-16F7-4668-BE54-9A1E7A4F7556}") = "CogSearchInitializer", "CogSearchInitializer\CogSearchInitializer.csproj", "{A0C2E313-9C67-422B-BDA7-916C8C1D7550}"
EndProject
Global
	GlobalSection(SolutionConfigurationPlatforms) = preSolution
		Debug|Any CPU = Debug|Any CPU
		Release|Any CPU = Release|Any CPU
	EndGlobalSection
	GlobalSection(ProjectConfigurationPlatforms) = postSolution
		{EF16DB0F-CD9F-4ED3-BC37-4FB0431F6994}.Debug|Any CPU.ActiveCfg = Debug|Any CPU
		{EF16DB0F-CD9F-4ED3-BC37-4FB0431F6994}.Debug|Any CPU.Build.0 = Debug|Any CPU
		{EF16DB0F-CD9F-4ED3-BC37-4FB0431F6994}.Release|Any CPU.ActiveCfg = Release|Any CPU
		{EF16DB0F-CD9F-4ED3-BC37-4FB0431F6994}.Release|Any CPU.Build.0 = Release|Any CPU
		{A0C2E313-9C67-422B-BDA7-916C8C1D7550}.Debug|Any CPU.ActiveCfg = Debug|Any CPU
		{A0C2E313-9C67-422B-BDA7-916C8C1D7550}.Debug|Any CPU.Build.0 = Debug|Any CPU
		{A0C2E313-9C67-422B-BDA7-916C8C1D7550}.Release|Any CPU.ActiveCfg = Release|Any CPU
		{A0C2E313-9C67-422B-BDA7-916C8C1D7550}.Release|Any CPU.Build.0 = Release|Any CPU
	EndGlobalSection
	GlobalSection(SolutionProperties) = preSolution
		HideSolutionNode = FALSE
	EndGlobalSection
	GlobalSection(ExtensibilityGlobals) = postSolution
		SolutionGuid = {40EABB7E-57AE-4F94-81B2-37383605DA6D}
	EndGlobalSection
EndGlobal
